{
  "version": 4,
  "terraform_version": "1.7.3",
  "serial": 9,
  "lineage": "52084693-b480-23e8-17e9-221207945241",
  "outputs": {
    "account_id": {
      "value": "04b07795-8ddb-461a-bbee-02f9e1bf7b46",
      "type": "string"
    },
    "fqdn": {
      "value": "ctwacademy5181.germanywestcentral.cloudapp.azure.com",
      "type": "string"
    },
    "public_ip_address": {
      "value": "20.218.103.150",
      "type": "string"
    }
  },
  "resources": [
    {
      "mode": "data",
      "type": "azurerm_client_config",
      "name": "current",
      "provider": "provider[\"registry.terraform.io/hashicorp/azurerm\"]",
      "instances": [
        {
          "schema_version": 0,
          "attributes": {
            "client_id": "04b07795-8ddb-461a-bbee-02f9e1bf7b46",
            "id": "Y2xpZW50Q29uZmlncy9jbGllbnRJZD0wNGIwNzc5NS04ZGRiLTQ2MWEtYmJlZS0wMmY5ZTFiZjdiNDY7b2JqZWN0SWQ9YzUzOTkwNDktNjE3Mi00ZTM4LWI1ZGUtY2FjMWI2Yjg3ZmYzO3N1YnNjcmlwdGlvbklkPTJkNWViZDg3LTQzZDItNDQwNi04NjI1LTRmYTUxOGI0ODIyNzt0ZW5hbnRJZD02MWYzMGI4ZS00ZjZiLTQ0ZmUtOWJjMi0wNDFlM2E5ZjczNDY=",
            "object_id": "c5399049-6172-4e38-b5de-cac1b6b87ff3",
            "subscription_id": "2d5ebd87-43d2-4406-8625-4fa518b48227",
            "tenant_id": "61f30b8e-4f6b-44fe-9bc2-041e3a9f7346",
            "timeouts": null
          },
          "sensitive_attributes": []
        }
      ]
    },
    {
      "mode": "managed",
      "type": "azurerm_linux_virtual_machine",
      "name": "myterraformvm",
      "provider": "provider[\"registry.terraform.io/hashicorp/azurerm\"]",
      "instances": [
        {
          "schema_version": 0,
          "attributes": {
            "additional_capabilities": [],
            "admin_password": null,
            "admin_ssh_key": [
              {
                "public_key": "ssh-rsa AAAAB3NzaC1yc2EAAAADAQABAAABgQCxn9kp6feMW1D8bKUrJ7/N6LZ0V0djSl0C1byv+iIT2kfhYvvgu2hRChFnuofa4NW3rlbkmrpOnkWJkBSLShLuipQNqNSMeIXsLwMRta4QINy3u1yPSagUBlHKRZ8AoiUioyBw+nqMUn2MQu9sDsKg/iDbkU00TdRYzl2r3leGHOoEaS97PAc0ulrwrffwlIRY+VyEWW7jKbtFloG1djpqfr1xGh2F8XxK/kfRk9Z+czQlJ7iiP1CtoeXztX1StIXiHXfUyHCMotuySDZT/PTOmHuWBLWqMR29hYZT6xoKVH5JMejZZRJqD6jakLSdmZe7A2aVzyqVpIuI6dYZlynh99gsYXgJcjaooSKp1YufL34tE4BYE3FbeZXhK7WlfqmFh1OPYoqRZ7tFrp6jCr9P3+plyA2MbYiLzQ8C/Cs9DdxRE+Rr2hje7dWPm3ahUEZmrWNVu1USnpl8FhSTJxHHDnPMxo2Kn4vh8gn3G4s9CApqkUELmd6ZA4e319TxKrE= ppeixoto@quasar\n",
                "username": "ctwacademy"
              }
            ],
            "admin_username": "ctwacademy",
            "allow_extension_operations": true,
            "availability_set_id": "",
            "boot_diagnostics": [],
            "bypass_platform_safety_checks_on_user_schedule_enabled": false,
            "capacity_reservation_group_id": "",
            "computer_name": "vm5181",
            "custom_data": null,
            "dedicated_host_group_id": "",
            "dedicated_host_id": "",
            "disable_password_authentication": true,
            "edge_zone": "",
            "encryption_at_host_enabled": false,
            "eviction_policy": "",
            "extensions_time_budget": "PT1H30M",
            "gallery_application": [],
            "id": "/subscriptions/2d5ebd87-43d2-4406-8625-4fa518b48227/resourceGroups/cybersecurity-rg/providers/Microsoft.Compute/virtualMachines/vm5181",
            "identity": [],
            "license_type": "",
            "location": "germanywestcentral",
            "max_bid_price": -1,
            "name": "vm5181",
            "network_interface_ids": [
              "/subscriptions/2d5ebd87-43d2-4406-8625-4fa518b48227/resourceGroups/cybersecurity-rg/providers/Microsoft.Network/networkInterfaces/NIC5181"
            ],
            "os_disk": [
              {
                "caching": "ReadWrite",
                "diff_disk_settings": [],
                "disk_encryption_set_id": "",
                "disk_size_gb": 30,
                "name": "osDisk5181",
                "secure_vm_disk_encryption_set_id": "",
                "security_encryption_type": "",
                "storage_account_type": "Standard_LRS",
                "write_accelerator_enabled": false
              }
            ],
            "patch_assessment_mode": "ImageDefault",
            "patch_mode": "ImageDefault",
            "plan": [],
            "platform_fault_domain": -1,
            "priority": "Regular",
            "private_ip_address": "10.0.1.4",
            "private_ip_addresses": [
              "10.0.1.4"
            ],
            "provision_vm_agent": true,
            "proximity_placement_group_id": "",
            "public_ip_address": "20.218.103.150",
            "public_ip_addresses": [
              "20.218.103.150"
            ],
            "reboot_setting": "",
            "resource_group_name": "cybersecurity-rg",
            "secret": [],
            "secure_boot_enabled": false,
            "size": "Standard_A1_v2",
            "source_image_id": "",
            "source_image_reference": [
              {
                "offer": "UbuntuServer",
                "publisher": "Canonical",
                "sku": "18.04-LTS",
                "version": "latest"
              }
            ],
            "tags": null,
            "termination_notification": null,
            "timeouts": null,
            "user_data": "",
            "virtual_machine_id": "fa02afb4-1dc8-4c37-a231-d70b074cd578",
            "virtual_machine_scale_set_id": "",
            "vtpm_enabled": false,
            "zone": ""
          },
          "sensitive_attributes": [],
          "private": "eyJlMmJmYjczMC1lY2FhLTExZTYtOGY4OC0zNDM2M2JjN2M0YzAiOnsiY3JlYXRlIjoyNzAwMDAwMDAwMDAwLCJkZWxldGUiOjI3MDAwMDAwMDAwMDAsInJlYWQiOjMwMDAwMDAwMDAwMCwidXBkYXRlIjoyNzAwMDAwMDAwMDAwfX0=",
          "dependencies": [
            "azurerm_network_interface.myterraformnic",
            "azurerm_public_ip.myterraformpublicip",
            "azurerm_subnet.myterraformsubnet",
            "azurerm_virtual_network.myterraformnetwork",
            "random_string.number"
          ]
        }
      ]
    },
    {
      "mode": "managed",
      "type": "azurerm_network_interface",
      "name": "myterraformnic",
      "provider": "provider[\"registry.terraform.io/hashicorp/azurerm\"]",
      "instances": [
        {
          "schema_version": 0,
          "attributes": {
            "applied_dns_servers": [],
            "auxiliary_mode": "",
            "auxiliary_sku": "",
            "dns_servers": [],
            "edge_zone": "",
            "enable_accelerated_networking": false,
            "enable_ip_forwarding": false,
            "id": "/subscriptions/2d5ebd87-43d2-4406-8625-4fa518b48227/resourceGroups/cybersecurity-rg/providers/Microsoft.Network/networkInterfaces/NIC5181",
            "internal_dns_name_label": "",
            "internal_domain_name_suffix": "a40qzp2pnd3upceox5wqchjhaa.frax.internal.cloudapp.net",
            "ip_configuration": [
              {
                "gateway_load_balancer_frontend_ip_configuration_id": "",
                "name": "nicConfiguration5181",
                "primary": true,
                "private_ip_address": "10.0.1.4",
                "private_ip_address_allocation": "Dynamic",
                "private_ip_address_version": "IPv4",
                "public_ip_address_id": "/subscriptions/2d5ebd87-43d2-4406-8625-4fa518b48227/resourceGroups/cybersecurity-rg/providers/Microsoft.Network/publicIPAddresses/publicIP5181",
                "subnet_id": "/subscriptions/2d5ebd87-43d2-4406-8625-4fa518b48227/resourceGroups/cybersecurity-rg/providers/Microsoft.Network/virtualNetworks/vnet5181/subnets/subnet5181"
              }
            ],
            "location": "germanywestcentral",
            "mac_address": "",
            "name": "NIC5181",
            "private_ip_address": "10.0.1.4",
            "private_ip_addresses": [
              "10.0.1.4"
            ],
            "resource_group_name": "cybersecurity-rg",
            "tags": null,
            "timeouts": null,
            "virtual_machine_id": ""
          },
          "sensitive_attributes": [],
          "private": "eyJlMmJmYjczMC1lY2FhLTExZTYtOGY4OC0zNDM2M2JjN2M0YzAiOnsiY3JlYXRlIjoxODAwMDAwMDAwMDAwLCJkZWxldGUiOjE4MDAwMDAwMDAwMDAsInJlYWQiOjMwMDAwMDAwMDAwMCwidXBkYXRlIjoxODAwMDAwMDAwMDAwfX0=",
          "dependencies": [
            "azurerm_public_ip.myterraformpublicip",
            "azurerm_subnet.myterraformsubnet",
            "azurerm_virtual_network.myterraformnetwork",
            "random_string.number"
          ]
        }
      ]
    },
    {
      "mode": "managed",
      "type": "azurerm_network_interface_security_group_association",
      "name": "example",
      "provider": "provider[\"registry.terraform.io/hashicorp/azurerm\"]",
      "instances": [
        {
          "schema_version": 0,
          "attributes": {
            "id": "/subscriptions/2d5ebd87-43d2-4406-8625-4fa518b48227/resourceGroups/cybersecurity-rg/providers/Microsoft.Network/networkInterfaces/NIC5181|/subscriptions/2d5ebd87-43d2-4406-8625-4fa518b48227/resourceGroups/cybersecurity-rg/providers/Microsoft.Network/networkSecurityGroups/networkSecurityGroup5181",
            "network_interface_id": "/subscriptions/2d5ebd87-43d2-4406-8625-4fa518b48227/resourceGroups/cybersecurity-rg/providers/Microsoft.Network/networkInterfaces/NIC5181",
            "network_security_group_id": "/subscriptions/2d5ebd87-43d2-4406-8625-4fa518b48227/resourceGroups/cybersecurity-rg/providers/Microsoft.Network/networkSecurityGroups/networkSecurityGroup5181",
            "timeouts": null
          },
          "sensitive_attributes": [],
          "private": "eyJlMmJmYjczMC1lY2FhLTExZTYtOGY4OC0zNDM2M2JjN2M0YzAiOnsiY3JlYXRlIjoxODAwMDAwMDAwMDAwLCJkZWxldGUiOjE4MDAwMDAwMDAwMDAsInJlYWQiOjMwMDAwMDAwMDAwMH19",
          "dependencies": [
            "azurerm_network_interface.myterraformnic",
            "azurerm_network_security_group.myterraformnsg",
            "azurerm_public_ip.myterraformpublicip",
            "azurerm_subnet.myterraformsubnet",
            "azurerm_virtual_network.myterraformnetwork",
            "random_string.number"
          ]
        }
      ]
    },
    {
      "mode": "managed",
      "type": "azurerm_network_security_group",
      "name": "myterraformnsg",
      "provider": "provider[\"registry.terraform.io/hashicorp/azurerm\"]",
      "instances": [
        {
          "schema_version": 0,
          "attributes": {
            "id": "/subscriptions/2d5ebd87-43d2-4406-8625-4fa518b48227/resourceGroups/cybersecurity-rg/providers/Microsoft.Network/networkSecurityGroups/networkSecurityGroup5181",
            "location": "germanywestcentral",
            "name": "networkSecurityGroup5181",
            "resource_group_name": "cybersecurity-rg",
            "security_rule": [
              {
                "access": "Allow",
                "description": "",
                "destination_address_prefix": "*",
                "destination_address_prefixes": [],
                "destination_application_security_group_ids": [],
                "destination_port_range": "22",
                "destination_port_ranges": [],
                "direction": "Inbound",
                "name": "SSH",
                "priority": 1001,
                "protocol": "Tcp",
                "source_address_prefix": "*",
                "source_address_prefixes": [],
                "source_application_security_group_ids": [],
                "source_port_range": "*",
                "source_port_ranges": []
              },
              {
                "access": "Allow",
                "description": "",
                "destination_address_prefix": "*",
                "destination_address_prefixes": [],
                "destination_application_security_group_ids": [],
                "destination_port_range": "80",
                "destination_port_ranges": [],
                "direction": "Inbound",
                "name": "http",
                "priority": 1003,
                "protocol": "Tcp",
                "source_address_prefix": "*",
                "source_address_prefixes": [],
                "source_application_security_group_ids": [],
                "source_port_range": "*",
                "source_port_ranges": []
              },
              {
                "access": "Allow",
                "description": "",
                "destination_address_prefix": "*",
                "destination_address_prefixes": [],
                "destination_application_security_group_ids": [],
                "destination_port_range": "9100",
                "destination_port_ranges": [],
                "direction": "Inbound",
                "name": "NodeExporter",
                "priority": 1002,
                "protocol": "Tcp",
                "source_address_prefix": "*",
                "source_address_prefixes": [],
                "source_application_security_group_ids": [],
                "source_port_range": "*",
                "source_port_ranges": []
              }
            ],
            "tags": null,
            "timeouts": null
          },
          "sensitive_attributes": [],
          "private": "eyJlMmJmYjczMC1lY2FhLTExZTYtOGY4OC0zNDM2M2JjN2M0YzAiOnsiY3JlYXRlIjoxODAwMDAwMDAwMDAwLCJkZWxldGUiOjE4MDAwMDAwMDAwMDAsInJlYWQiOjMwMDAwMDAwMDAwMCwidXBkYXRlIjoxODAwMDAwMDAwMDAwfX0=",
          "dependencies": [
            "random_string.number"
          ]
        }
      ]
    },
    {
      "mode": "managed",
      "type": "azurerm_public_ip",
      "name": "myterraformpublicip",
      "provider": "provider[\"registry.terraform.io/hashicorp/azurerm\"]",
      "instances": [
        {
          "schema_version": 0,
          "attributes": {
            "allocation_method": "Dynamic",
            "ddos_protection_mode": "VirtualNetworkInherited",
            "ddos_protection_plan_id": null,
            "domain_name_label": "ctwacademy5181",
            "edge_zone": "",
            "fqdn": "ctwacademy5181.germanywestcentral.cloudapp.azure.com",
            "id": "/subscriptions/2d5ebd87-43d2-4406-8625-4fa518b48227/resourceGroups/cybersecurity-rg/providers/Microsoft.Network/publicIPAddresses/publicIP5181",
            "idle_timeout_in_minutes": 4,
            "ip_address": "",
            "ip_tags": null,
            "ip_version": "IPv4",
            "location": "germanywestcentral",
            "name": "publicIP5181",
            "public_ip_prefix_id": null,
            "resource_group_name": "cybersecurity-rg",
            "reverse_fqdn": "",
            "sku": "Basic",
            "sku_tier": "Regional",
            "tags": null,
            "timeouts": null,
            "zones": null
          },
          "sensitive_attributes": [],
          "private": "eyJlMmJmYjczMC1lY2FhLTExZTYtOGY4OC0zNDM2M2JjN2M0YzAiOnsiY3JlYXRlIjoxODAwMDAwMDAwMDAwLCJkZWxldGUiOjE4MDAwMDAwMDAwMDAsInJlYWQiOjMwMDAwMDAwMDAwMCwidXBkYXRlIjoxODAwMDAwMDAwMDAwfX0=",
          "dependencies": [
            "random_string.number"
          ]
        }
      ]
    },
    {
      "mode": "managed",
      "type": "azurerm_subnet",
      "name": "myterraformsubnet",
      "provider": "provider[\"registry.terraform.io/hashicorp/azurerm\"]",
      "instances": [
        {
          "schema_version": 0,
          "attributes": {
            "address_prefixes": [
              "10.0.1.0/24"
            ],
            "delegation": [],
            "enforce_private_link_endpoint_network_policies": false,
            "enforce_private_link_service_network_policies": false,
            "id": "/subscriptions/2d5ebd87-43d2-4406-8625-4fa518b48227/resourceGroups/cybersecurity-rg/providers/Microsoft.Network/virtualNetworks/vnet5181/subnets/subnet5181",
            "name": "subnet5181",
            "private_endpoint_network_policies_enabled": true,
            "private_link_service_network_policies_enabled": true,
            "resource_group_name": "cybersecurity-rg",
            "service_endpoint_policy_ids": null,
            "service_endpoints": null,
            "timeouts": null,
            "virtual_network_name": "vnet5181"
          },
          "sensitive_attributes": [],
          "private": "eyJlMmJmYjczMC1lY2FhLTExZTYtOGY4OC0zNDM2M2JjN2M0YzAiOnsiY3JlYXRlIjoxODAwMDAwMDAwMDAwLCJkZWxldGUiOjE4MDAwMDAwMDAwMDAsInJlYWQiOjMwMDAwMDAwMDAwMCwidXBkYXRlIjoxODAwMDAwMDAwMDAwfX0=",
          "dependencies": [
            "azurerm_virtual_network.myterraformnetwork",
            "random_string.number"
          ]
        }
      ]
    },
    {
      "mode": "managed",
      "type": "azurerm_virtual_network",
      "name": "myterraformnetwork",
      "provider": "provider[\"registry.terraform.io/hashicorp/azurerm\"]",
      "instances": [
        {
          "schema_version": 0,
          "attributes": {
            "address_space": [
              "10.0.0.0/16"
            ],
            "bgp_community": "",
            "ddos_protection_plan": [],
            "dns_servers": [],
            "edge_zone": "",
            "encryption": [],
            "flow_timeout_in_minutes": 0,
            "guid": "bf0cb507-688f-47fb-888e-bfed011d2700",
            "id": "/subscriptions/2d5ebd87-43d2-4406-8625-4fa518b48227/resourceGroups/cybersecurity-rg/providers/Microsoft.Network/virtualNetworks/vnet5181",
            "location": "germanywestcentral",
            "name": "vnet5181",
            "resource_group_name": "cybersecurity-rg",
            "subnet": [],
            "tags": null,
            "timeouts": null
          },
          "sensitive_attributes": [],
          "private": "eyJlMmJmYjczMC1lY2FhLTExZTYtOGY4OC0zNDM2M2JjN2M0YzAiOnsiY3JlYXRlIjoxODAwMDAwMDAwMDAwLCJkZWxldGUiOjE4MDAwMDAwMDAwMDAsInJlYWQiOjMwMDAwMDAwMDAwMCwidXBkYXRlIjoxODAwMDAwMDAwMDAwfX0=",
          "dependencies": [
            "random_string.number"
          ]
        }
      ]
    },
    {
      "mode": "managed",
      "type": "random_string",
      "name": "number",
      "provider": "provider[\"registry.terraform.io/hashicorp/random\"]",
      "instances": [
        {
          "schema_version": 2,
          "attributes": {
            "id": "5181",
            "keepers": null,
            "length": 4,
            "lower": false,
            "min_lower": 0,
            "min_numeric": 0,
            "min_special": 0,
            "min_upper": 0,
            "number": true,
            "numeric": true,
            "override_special": null,
            "result": "5181",
            "special": false,
            "upper": false
          },
          "sensitive_attributes": []
        }
      ]
    }
  ],
  "check_results": null
}
